
Microsoft Visual Studio Solution File, Format Version 12.00
# Visual Studio Version 17
VisualStudioVersion = 17.13.35825.156 d17.13
MinimumVisualStudioVersion = 10.0.40219.1
Project("{FAE04EC0-301F-11D3-BF4B-00C04F79EFBC}") = "JokesWebApp", "JokesWebApp\JokesWebApp.csproj", "{1E77CCDC-FA3F-44FC-A020-3415A817BAED}"
EndProject
Global
	GlobalSection(SolutionConfigurationPlatforms) = preSolution
		Debug|Any CPU = Debug|Any CPU
		Release|Any CPU = Release|Any CPU
	EndGlobalSection
	GlobalSection(ProjectConfigurationPlatforms) = postSolution
		{1E77CCDC-FA3F-44FC-A020-3415A817BAED}.Debug|Any CPU.ActiveCfg = Debug|Any CPU
		{1E77CCDC-FA3F-44FC-A020-3415A817BAED}.Debug|Any CPU.Build.0 = Debug|Any CPU
		{1E77CCDC-FA3F-44FC-A020-3415A817BAED}.Release|Any CPU.ActiveCfg = Release|Any CPU
		{1E77CCDC-FA3F-44FC-A020-3415A817BAED}.Release|Any CPU.Build.0 = Release|Any CPU
	EndGlobalSection
	GlobalSection(SolutionProperties) = preSolution
		HideSolutionNode = FALSE
	EndGlobalSection
	GlobalSection(ExtensibilityGlobals) = postSolution
		SolutionGuid = {85F2BD5D-9E0C-4278-B790-46DEBE11E6D8}
	EndGlobalSection
EndGlobal
